
Microsoft Visual Studio Solution File, Format Version 12.00
# Visual Studio Version 16
VisualStudioVersion = 16.0.30517.126
MinimumVisualStudioVersion = 10.0.40219.1
Project("{FAE04EC0-301F-11D3-BF4B-00C04F79EFBC}") = "Coding-Interview-Algorithms-Data-Structures", "Coding-Interview-Algorithms-Data-Structures.csproj", "{8B619C5E-CD7A-4441-ACF7-431E6728D14A}"
EndProject
Global
	GlobalSection(SolutionConfigurationPlatforms) = preSolution
		Debug|Any CPU = Debug|Any CPU
		Release|Any CPU = Release|Any CPU
	EndGlobalSection
	GlobalSection(ProjectConfigurationPlatforms) = postSolution
		{8B619C5E-CD7A-4441-ACF7-431E6728D14A}.Debug|Any CPU.ActiveCfg = Debug|Any CPU
		{8B619C5E-CD7A-4441-ACF7-431E6728D14A}.Debug|Any CPU.Build.0 = Debug|Any CPU
		{8B619C5E-CD7A-4441-ACF7-431E6728D14A}.Release|Any CPU.ActiveCfg = Release|Any CPU
		{8B619C5E-CD7A-4441-ACF7-431E6728D14A}.Release|Any CPU.Build.0 = Release|Any CPU
	EndGlobalSection
	GlobalSection(SolutionProperties) = preSolution
		HideSolutionNode = FALSE
	EndGlobalSection
	GlobalSection(ExtensibilityGlobals) = postSolution
		SolutionGuid = {D583B0BC-DFF5-4E79-8965-1874E7BC0759}
	EndGlobalSection
EndGlobal
